
Microsoft Visual Studio Solution File, Format Version 12.00
# Visual Studio Version 16
VisualStudioVersion = 16.0.32228.343
MinimumVisualStudioVersion = 10.0.40219.1
Project("{FAE04EC0-301F-11D3-BF4B-00C04F79EFBC}") = "Assignment1_Mlangeni_37743856", "Assignment1_Mlangeni_37743856\Assignment1_Mlangeni_37743856.csproj", "{475AD4DE-EB09-435D-A9F8-7EBC02D5178B}"
EndProject
Global
	GlobalSection(SolutionConfigurationPlatforms) = preSolution
		Debug|Any CPU = Debug|Any CPU
		Release|Any CPU = Release|Any CPU
	EndGlobalSection
	GlobalSection(ProjectConfigurationPlatforms) = postSolution
		{475AD4DE-EB09-435D-A9F8-7EBC02D5178B}.Debug|Any CPU.ActiveCfg = Debug|Any CPU
		{475AD4DE-EB09-435D-A9F8-7EBC02D5178B}.Debug|Any CPU.Build.0 = Debug|Any CPU
		{475AD4DE-EB09-435D-A9F8-7EBC02D5178B}.Release|Any CPU.ActiveCfg = Release|Any CPU
		{475AD4DE-EB09-435D-A9F8-7EBC02D5178B}.Release|Any CPU.Build.0 = Release|Any CPU
	EndGlobalSection
	GlobalSection(SolutionProperties) = preSolution
		HideSolutionNode = FALSE
	EndGlobalSection
	GlobalSection(ExtensibilityGlobals) = postSolution
		SolutionGuid = {A7505BA3-A565-4869-8BC0-B7FBF6B9410E}
	EndGlobalSection
EndGlobal
